
Microsoft Visual Studio Solution File, Format Version 12.00
# Visual Studio Express 2012 for Windows Desktop
Project("{FAE04EC0-301F-11D3-BF4B-00C04F79EFBC}") = "WindowsFormsApplication_222_elbook", "WindowsFormsApplication_222_elbook\WindowsFormsApplication_222_elbook.csproj", "{F42ACCE6-5379-461F-9012-E6E5A89F0F4C}"
EndProject
Global
	GlobalSection(SolutionConfigurationPlatforms) = preSolution
		Debug|Any CPU = Debug|Any CPU
		Release|Any CPU = Release|Any CPU
	EndGlobalSection
	GlobalSection(ProjectConfigurationPlatforms) = postSolution
		{F42ACCE6-5379-461F-9012-E6E5A89F0F4C}.Debug|Any CPU.ActiveCfg = Debug|Any CPU
		{F42ACCE6-5379-461F-9012-E6E5A89F0F4C}.Debug|Any CPU.Build.0 = Debug|Any CPU
		{F42ACCE6-5379-461F-9012-E6E5A89F0F4C}.Release|Any CPU.ActiveCfg = Release|Any CPU
		{F42ACCE6-5379-461F-9012-E6E5A89F0F4C}.Release|Any CPU.Build.0 = Release|Any CPU
	EndGlobalSection
	GlobalSection(SolutionProperties) = preSolution
		HideSolutionNode = FALSE
	EndGlobalSection
EndGlobal
